{
  "name": "con-fusion",
  "version": "0.0.0",
  "lockfileVersion": 1,
  "requires": true,
  "dependencies": {
    "debug": {
      "version": "2.6.8",
      "resolved": "http://registry.npm.taobao.org/debug/download/debug-2.6.8.tgz",
      "integrity": "sha1-5zFTHKLt4n0YgiJCfaF4IdaP9Pw=",
      "requires": {
        "ms": "http://registry.npm.taobao.org/ms/download/ms-2.0.0.tgz"
      }
    },
    "font-awesome": {
      "version": "http://registry.npm.taobao.org/font-awesome/download/font-awesome-4.7.0.tgz"
    },
    "heimdalljs": {
      "version": "http://registry.npm.taobao.org/heimdalljs/download/heimdalljs-0.2.5.tgz",
      "requires": {
        "rsvp": "3.2.1"
      }
    },
    "heimdalljs-logger": {
      "version": "http://registry.npm.taobao.org/heimdalljs-logger/download/heimdalljs-logger-0.1.9.tgz",
      "requires": {
        "debug": "2.6.8",
        "heimdalljs": "http://registry.npm.taobao.org/heimdalljs/download/heimdalljs-0.2.5.tgz"
      }
    },
    "ms": {
      "version": "http://registry.npm.taobao.org/ms/download/ms-2.0.0.tgz"
    },
    "ngx-restangular": {
      "version": "1.0.11",
      "resolved": "http://registry.npm.taobao.org/ngx-restangular/download/ngx-restangular-1.0.11.tgz",
      "integrity": "sha1-uNDffQE9uYW65Zs1LhoJHvsQIo0=",
      "requires": {
        "@angular/core": "4.3.6",
        "@angular/http": "4.3.6",
        "@angular/platform-browser": "4.3.6",
        "@types/lodash": "4.14.74",
        "rxjs": "5.4.3"
      },
      "dependencies": {
        "@angular/core": {
          "version": "4.3.6",
          "resolved": "http://registry.npm.taobao.org/@angular/core/download/@angular/core-4.3.6.tgz",
          "integrity": "sha1-u6xj1o0Pe8s4nRKzQghlK+MofpY=",
          "requires": {
            "tslib": "1.7.1"
          }
        },
        "@angular/http": {
          "version": "4.3.6",
          "resolved": "http://registry.npm.taobao.org/@angular/http/download/@angular/http-4.3.6.tgz",
          "integrity": "sha1-Vjgn0afV6J47fYa3f7vTZ7LAhZE=",
          "requires": {
            "tslib": "1.7.1"
          }
        },
        "@angular/platform-browser": {
          "version": "4.3.6",
          "resolved": "http://registry.npm.taobao.org/@angular/platform-browser/download/@angular/platform-browser-4.3.6.tgz",
          "integrity": "sha1-YVKx87eNAkb8XhUOL3ue1DN+O6Y=",
          "requires": {
            "tslib": "1.7.1"
          }
        },
        "@types/lodash": {
          "version": "4.14.74",
          "resolved": "http://registry.npm.taobao.org/@types/lodash/download/@types/lodash-4.14.74.tgz",
          "integrity": "sha1-rDvY25iOf3A45dIr12p7oT+HYWg="
        },
        "rxjs": {
          "version": "5.4.3",
          "resolved": "http://registry.npm.taobao.org/rxjs/download/rxjs-5.4.3.tgz",
          "integrity": "sha1-B1jN3uYDPWjg/VNnbw81ls49SD8=",
          "requires": {
            "symbol-observable": "1.0.4"
          }
        },
        "symbol-observable": {
          "version": "1.0.4",
          "resolved": "http://registry.npm.taobao.org/symbol-observable/download/symbol-observable-1.0.4.tgz",
          "integrity": "sha1-Kb9hXUqnEhvdiYsi1LP5vE4qoD0="
        },
        "tslib": {
          "version": "1.7.1",
          "resolved": "http://registry.npm.taobao.org/tslib/download/tslib-1.7.1.tgz",
          "integrity": "sha1-vIAEFkaRkjp5/oN4u+s9ogF1OOw="
        }
      }
    },
    "rsvp": {
      "version": "3.2.1",
      "resolved": "http://registry.npm.taobao.org/rsvp/download/rsvp-3.2.1.tgz",
      "integrity": "sha1-B8tKXfJa3Z6Cbrxn3Mn9idsn2Eo="
    }
  }
}
